
Microsoft Visual Studio Solution File, Format Version 12.00
# Visual Studio 15
VisualStudioVersion = 15.0.27130.2026
MinimumVisualStudioVersion = 10.0.40219.1
Project("{8BC9CEB8-8B4A-11D0-8D11-00A0C91BC942}") = "QT1", "QT1.vcxproj", "{8084139B-CF3B-3680-9A2B-1DAEE63C470E}"
EndProject
Global
	GlobalSection(SolutionConfigurationPlatforms) = preSolution
		Debug|x64 = Debug|x64
		Release|x64 = Release|x64
	EndGlobalSection
	GlobalSection(ProjectConfigurationPlatforms) = postSolution
		{8084139B-CF3B-3680-9A2B-1DAEE63C470E}.Debug|x64.ActiveCfg = Debug|x64
		{8084139B-CF3B-3680-9A2B-1DAEE63C470E}.Debug|x64.Build.0 = Debug|x64
		{8084139B-CF3B-3680-9A2B-1DAEE63C470E}.Release|x64.ActiveCfg = Release|x64
		{8084139B-CF3B-3680-9A2B-1DAEE63C470E}.Release|x64.Build.0 = Release|x64
	EndGlobalSection
	GlobalSection(SolutionProperties) = preSolution
		HideSolutionNode = FALSE
	EndGlobalSection
	GlobalSection(ExtensibilityGlobals) = postSolution
		SolutionGuid = {6F86DCD8-CBD5-45C7-B411-2071BF16E45B}
	EndGlobalSection
EndGlobal
